<?xml version="1.0" encoding="utf-8"?>
<Project ToolsVersion="4.0" xmlns="http://schemas.microsoft.com/developer/msbuild/2003">
  <ItemGroup>
    <Filter Include="源文件">
      <UniqueIdentifier>{4FC737F1-C7A5-4376-A066-2A32D752A2FF}</UniqueIdentifier>
      <Extensions>cpp;c;cc;cxx;def;odl;idl;hpj;bat;asm;asmx</Extensions>
    </Filter>
    <Filter Include="头文件">
      <UniqueIdentifier>{93995380-89BD-4b04-88EB-625FBE52EBFB}</UniqueIdentifier>
      <Extensions>h;hh;hpp;hxx;hm;inl;inc;ipp;xsd</Extensions>
    </Filter>
    <Filter Include="资源文件">
      <UniqueIdentifier>{67DA6AB6-F800-4c08-8B7A-83BB121AAD01}</UniqueIdentifier>
      <Extensions>rc;ico;cur;bmp;dlg;rc2;rct;bin;rgs;gif;jpg;jpeg;jpe;resx;tiff;tif;png;wav;mfcribbon-ms</Extensions>
    </Filter>
    <Filter Include="控件文件">
      <UniqueIdentifier>{3dca1fb5-83e6-4693-8c04-e09853dc7868}</UniqueIdentifier>
    </Filter>
    <Filter Include="控件头文件">
      <UniqueIdentifier>{fbad0245-2942-4c3e-b76b-7537843fd1aa}</UniqueIdentifier>
    </Filter>
  </ItemGroup>
  <ItemGroup>
    <ClInclude Include="LoadSTLApp.h">
      <Filter>头文件</Filter>
    </ClInclude>
    <ClInclude Include="stdafx.h">
      <Filter>头文件</Filter>
    </ClInclude>
    <ClInclude Include="targetver.h">
      <Filter>头文件</Filter>
    </ClInclude>
    <ClInclude Include="MainFrm.h">
      <Filter>头文件</Filter>
    </ClInclude>
    <ClInclude Include="LoadSTLAppDoc.h">
      <Filter>头文件</Filter>
    </ClInclude>
    <ClInclude Include="LoadSTLAppView.h">
      <Filter>头文件</Filter>
    </ClInclude>
    <ClInclude Include="Resource.h">
      <Filter>头文件</Filter>
    </ClInclude>
    <ClInclude Include="CToolBar24.h">
      <Filter>控件头文件</Filter>
    </ClInclude>
    <ClInclude Include="PcapFileSet.h">
      <Filter>控件头文件</Filter>
    </ClInclude>
    <ClInclude Include="PointsAndSTL3DWnd.h">
      <Filter>头文件</Filter>
    </ClInclude>
    <ClInclude Include="RadarPointsNode.h">
      <Filter>头文件</Filter>
    </ClInclude>
    <ClInclude Include="RadarAxisNode.h">
      <Filter>头文件</Filter>
    </ClInclude>
    <ClInclude Include="STL_GeometryNode.h">
      <Filter>头文件</Filter>
    </ClInclude>
    <ClInclude Include="RoomGeometryNode.h">
      <Filter>头文件</Filter>
    </ClInclude>
    <ClInclude Include="DataShowDlg.h">
      <Filter>头文件</Filter>
    </ClInclude>
  </ItemGroup>
  <ItemGroup>
    <ClCompile Include="LoadSTLApp.cpp">
      <Filter>源文件</Filter>
    </ClCompile>
    <ClCompile Include="stdafx.cpp">
      <Filter>源文件</Filter>
    </ClCompile>
    <ClCompile Include="MainFrm.cpp">
      <Filter>源文件</Filter>
    </ClCompile>
    <ClCompile Include="LoadSTLAppDoc.cpp">
      <Filter>源文件</Filter>
    </ClCompile>
    <ClCompile Include="LoadSTLAppView.cpp">
      <Filter>源文件</Filter>
    </ClCompile>
    <ClCompile Include="CToolBar24.cpp">
      <Filter>控件文件</Filter>
    </ClCompile>
    <ClCompile Include="PcapFileSet.cpp">
      <Filter>控件文件</Filter>
    </ClCompile>
    <ClCompile Include="PointsAndSTL3DWnd.cpp">
      <Filter>源文件</Filter>
    </ClCompile>
    <ClCompile Include="RadarPointsNode.cpp">
      <Filter>源文件</Filter>
    </ClCompile>
    <ClCompile Include="RadarAxisNode.cpp">
      <Filter>源文件</Filter>
    </ClCompile>
    <ClCompile Include="STL_GeometryNode.cpp">
      <Filter>源文件</Filter>
    </ClCompile>
    <ClCompile Include="RoomGeometryNode.cpp">
      <Filter>源文件</Filter>
    </ClCompile>
    <ClCompile Include="DataShowDlg.cpp">
      <Filter>源文件</Filter>
    </ClCompile>
  </ItemGroup>
  <ItemGroup>
    <ResourceCompile Include="LoadSTLApp.rc">
      <Filter>资源文件</Filter>
    </ResourceCompile>
  </ItemGroup>
  <ItemGroup>
    <None Include="res\LoadSTLApp.rc2">
      <Filter>资源文件</Filter>
    </None>
  </ItemGroup>
  <ItemGroup>
    <Image Include="res\LoadSTLAppDoc.ico">
      <Filter>资源文件</Filter>
    </Image>
    <Image Include="res\LoadSTLApp.ico">
      <Filter>资源文件</Filter>
    </Image>
    <Image Include="res\Toolbar.bmp">
      <Filter>资源文件</Filter>
    </Image>
    <Image Include="res\Basic24.bmp">
      <Filter>资源文件</Filter>
    </Image>
    <Image Include="res\Basic124.bmp">
      <Filter>资源文件</Filter>
    </Image>
  </ItemGroup>
</Project>